Microsoft Visual Studio Solution File, Format Version 12.00
# Visual Studio Version 17
VisualStudioVersion = 17.5.2.0
MinimumVisualStudioVersion = 10.0.40219.1
Project("{FAE04EC0-301F-11D3-BF4B-00C04F79EFBC}") = "HARMockServer", "HARMockServer.csproj", "{B4F3E555-4240-F348-E899-F8662CC21E6E}"
EndProject
Global
	GlobalSection(SolutionConfigurationPlatforms) = preSolution
		Debug|Any CPU = Debug|Any CPU
		Release|Any CPU = Release|Any CPU
	EndGlobalSection
	GlobalSection(ProjectConfigurationPlatforms) = postSolution
		{B4F3E555-4240-F348-E899-F8662CC21E6E}.Debug|Any CPU.ActiveCfg = Debug|Any CPU
		{B4F3E555-4240-F348-E899-F8662CC21E6E}.Debug|Any CPU.Build.0 = Debug|Any CPU
		{B4F3E555-4240-F348-E899-F8662CC21E6E}.Release|Any CPU.ActiveCfg = Release|Any CPU
		{B4F3E555-4240-F348-E899-F8662CC21E6E}.Release|Any CPU.Build.0 = Release|Any CPU
	EndGlobalSection
	GlobalSection(SolutionProperties) = preSolution
		HideSolutionNode = FALSE
	EndGlobalSection
	GlobalSection(ExtensibilityGlobals) = postSolution
		SolutionGuid = {2C417583-7A4B-4710-8B66-E490A045F557}
	EndGlobalSection
EndGlobal
